
Microsoft Visual Studio Solution File, Format Version 12.00
# Visual Studio Version 17
VisualStudioVersion = 17.11.35303.130
MinimumVisualStudioVersion = 10.0.40219.1
Project("{FAE04EC0-301F-11D3-BF4B-00C04F79EFBC}") = "ejercicio1", "ejercicio1\ejercicio1.csproj", "{6580CF11-2F71-4527-9C20-085A1BD31E8F}"
EndProject
Project("{FAE04EC0-301F-11D3-BF4B-00C04F79EFBC}") = "ejercicio2", "ejercicio2\ejercicio2.csproj", "{5BA8DB6A-C2C9-4114-B2B1-E14C43DAE1F5}"
EndProject
Project("{FAE04EC0-301F-11D3-BF4B-00C04F79EFBC}") = "ejercicio3", "ejercicio3\ejercicio3.csproj", "{D47342AE-9C4C-40D0-9D43-7A4A8069E989}"
EndProject
Project("{FAE04EC0-301F-11D3-BF4B-00C04F79EFBC}") = "ejercicio4", "ejercicio4\ejercicio4.csproj", "{09B14EC5-2ABB-4171-B464-8EC2C3537060}"
EndProject
Project("{FAE04EC0-301F-11D3-BF4B-00C04F79EFBC}") = "ejercicio5", "ejercicio5\ejercicio5.csproj", "{006AE5B2-EC5F-451B-BC00-7CFC26ECD33A}"
EndProject
Global
	GlobalSection(SolutionConfigurationPlatforms) = preSolution
		Debug|Any CPU = Debug|Any CPU
		Release|Any CPU = Release|Any CPU
	EndGlobalSection
	GlobalSection(ProjectConfigurationPlatforms) = postSolution
		{6580CF11-2F71-4527-9C20-085A1BD31E8F}.Debug|Any CPU.ActiveCfg = Debug|Any CPU
		{6580CF11-2F71-4527-9C20-085A1BD31E8F}.Debug|Any CPU.Build.0 = Debug|Any CPU
		{6580CF11-2F71-4527-9C20-085A1BD31E8F}.Release|Any CPU.ActiveCfg = Release|Any CPU
		{6580CF11-2F71-4527-9C20-085A1BD31E8F}.Release|Any CPU.Build.0 = Release|Any CPU
		{5BA8DB6A-C2C9-4114-B2B1-E14C43DAE1F5}.Debug|Any CPU.ActiveCfg = Debug|Any CPU
		{5BA8DB6A-C2C9-4114-B2B1-E14C43DAE1F5}.Debug|Any CPU.Build.0 = Debug|Any CPU
		{5BA8DB6A-C2C9-4114-B2B1-E14C43DAE1F5}.Release|Any CPU.ActiveCfg = Release|Any CPU
		{5BA8DB6A-C2C9-4114-B2B1-E14C43DAE1F5}.Release|Any CPU.Build.0 = Release|Any CPU
		{D47342AE-9C4C-40D0-9D43-7A4A8069E989}.Debug|Any CPU.ActiveCfg = Debug|Any CPU
		{D47342AE-9C4C-40D0-9D43-7A4A8069E989}.Debug|Any CPU.Build.0 = Debug|Any CPU
		{D47342AE-9C4C-40D0-9D43-7A4A8069E989}.Release|Any CPU.ActiveCfg = Release|Any CPU
		{D47342AE-9C4C-40D0-9D43-7A4A8069E989}.Release|Any CPU.Build.0 = Release|Any CPU
		{09B14EC5-2ABB-4171-B464-8EC2C3537060}.Debug|Any CPU.ActiveCfg = Debug|Any CPU
		{09B14EC5-2ABB-4171-B464-8EC2C3537060}.Debug|Any CPU.Build.0 = Debug|Any CPU
		{09B14EC5-2ABB-4171-B464-8EC2C3537060}.Release|Any CPU.ActiveCfg = Release|Any CPU
		{09B14EC5-2ABB-4171-B464-8EC2C3537060}.Release|Any CPU.Build.0 = Release|Any CPU
		{006AE5B2-EC5F-451B-BC00-7CFC26ECD33A}.Debug|Any CPU.ActiveCfg = Debug|Any CPU
		{006AE5B2-EC5F-451B-BC00-7CFC26ECD33A}.Debug|Any CPU.Build.0 = Debug|Any CPU
		{006AE5B2-EC5F-451B-BC00-7CFC26ECD33A}.Release|Any CPU.ActiveCfg = Release|Any CPU
		{006AE5B2-EC5F-451B-BC00-7CFC26ECD33A}.Release|Any CPU.Build.0 = Release|Any CPU
	EndGlobalSection
	GlobalSection(SolutionProperties) = preSolution
		HideSolutionNode = FALSE
	EndGlobalSection
	GlobalSection(ExtensibilityGlobals) = postSolution
		SolutionGuid = {78988EC2-DD66-44CB-B0F5-9452A1A962E9}
	EndGlobalSection
EndGlobal
